github.com/tencentcloud/tencentcloud-sdk-go/tencentcloud/common v1.0.859 h1:XXpytsYJilIk/koSWmpEcDZBILNqeEUprU9L5gqbA00=
github.com/tencentcloud/tencentcloud-sdk-go/tencentcloud/common v1.0.859/go.mod h1:r5r4xbfxSaeR04b166HGsBa/R4U3SueirEUpXGuw+Q0=
github.com/tencentcloud/tencentcloud-sdk-go/tencentcloud/ocr v1.0.859 h1:Vs2G3eZ5Q30hEbfBG/cekXVO02fAg6bJVr5lZE2rOLI=
github.com/tencentcloud/tencentcloud-sdk-go/tencentcloud/ocr v1.0.859/go.mod h1:w525cgJFWVbojlZPpF8Kyn5BrQaZJd5BvzUmQHq5cAE=
